
Microsoft Visual Studio Solution File, Format Version 12.00
# Visual Studio 15
VisualStudioVersion = 15.0.26124.0
MinimumVisualStudioVersion = 15.0.26124.0
Project("{FAE04EC0-301F-11D3-BF4B-00C04F79EFBC}") = "API", "API\API.csproj", "{1160BA0A-43AE-4D51-87D0-7E6319F8E83B}"
EndProject
Project("{FAE04EC0-301F-11D3-BF4B-00C04F79EFBC}") = "Core", "Core\Core.csproj", "{763A59BF-9EB8-4DAA-86AB-67D180041291}"
EndProject
Project("{FAE04EC0-301F-11D3-BF4B-00C04F79EFBC}") = "Infrastructure", "Infrastructure\Infrastructure.csproj", "{E31982EA-04A4-4AE2-8513-D126DD65F0E4}"
EndProject
Global
	GlobalSection(SolutionConfigurationPlatforms) = preSolution
		Debug|Any CPU = Debug|Any CPU
		Debug|x64 = Debug|x64
		Debug|x86 = Debug|x86
		Release|Any CPU = Release|Any CPU
		Release|x64 = Release|x64
		Release|x86 = Release|x86
	EndGlobalSection
	GlobalSection(SolutionProperties) = preSolution
		HideSolutionNode = FALSE
	EndGlobalSection
	GlobalSection(ProjectConfigurationPlatforms) = postSolution
		{1160BA0A-43AE-4D51-87D0-7E6319F8E83B}.Debug|Any CPU.ActiveCfg = Debug|Any CPU
		{1160BA0A-43AE-4D51-87D0-7E6319F8E83B}.Debug|Any CPU.Build.0 = Debug|Any CPU
		{1160BA0A-43AE-4D51-87D0-7E6319F8E83B}.Debug|x64.ActiveCfg = Debug|Any CPU
		{1160BA0A-43AE-4D51-87D0-7E6319F8E83B}.Debug|x64.Build.0 = Debug|Any CPU
		{1160BA0A-43AE-4D51-87D0-7E6319F8E83B}.Debug|x86.ActiveCfg = Debug|Any CPU
		{1160BA0A-43AE-4D51-87D0-7E6319F8E83B}.Debug|x86.Build.0 = Debug|Any CPU
		{1160BA0A-43AE-4D51-87D0-7E6319F8E83B}.Release|Any CPU.ActiveCfg = Release|Any CPU
		{1160BA0A-43AE-4D51-87D0-7E6319F8E83B}.Release|Any CPU.Build.0 = Release|Any CPU
		{1160BA0A-43AE-4D51-87D0-7E6319F8E83B}.Release|x64.ActiveCfg = Release|Any CPU
		{1160BA0A-43AE-4D51-87D0-7E6319F8E83B}.Release|x64.Build.0 = Release|Any CPU
		{1160BA0A-43AE-4D51-87D0-7E6319F8E83B}.Release|x86.ActiveCfg = Release|Any CPU
		{1160BA0A-43AE-4D51-87D0-7E6319F8E83B}.Release|x86.Build.0 = Release|Any CPU
		{763A59BF-9EB8-4DAA-86AB-67D180041291}.Debug|Any CPU.ActiveCfg = Debug|Any CPU
		{763A59BF-9EB8-4DAA-86AB-67D180041291}.Debug|Any CPU.Build.0 = Debug|Any CPU
		{763A59BF-9EB8-4DAA-86AB-67D180041291}.Debug|x64.ActiveCfg = Debug|Any CPU
		{763A59BF-9EB8-4DAA-86AB-67D180041291}.Debug|x64.Build.0 = Debug|Any CPU
		{763A59BF-9EB8-4DAA-86AB-67D180041291}.Debug|x86.ActiveCfg = Debug|Any CPU
		{763A59BF-9EB8-4DAA-86AB-67D180041291}.Debug|x86.Build.0 = Debug|Any CPU
		{763A59BF-9EB8-4DAA-86AB-67D180041291}.Release|Any CPU.ActiveCfg = Release|Any CPU
		{763A59BF-9EB8-4DAA-86AB-67D180041291}.Release|Any CPU.Build.0 = Release|Any CPU
		{763A59BF-9EB8-4DAA-86AB-67D180041291}.Release|x64.ActiveCfg = Release|Any CPU
		{763A59BF-9EB8-4DAA-86AB-67D180041291}.Release|x64.Build.0 = Release|Any CPU
		{763A59BF-9EB8-4DAA-86AB-67D180041291}.Release|x86.ActiveCfg = Release|Any CPU
		{763A59BF-9EB8-4DAA-86AB-67D180041291}.Release|x86.Build.0 = Release|Any CPU
		{E31982EA-04A4-4AE2-8513-D126DD65F0E4}.Debug|Any CPU.ActiveCfg = Debug|Any CPU
		{E31982EA-04A4-4AE2-8513-D126DD65F0E4}.Debug|Any CPU.Build.0 = Debug|Any CPU
		{E31982EA-04A4-4AE2-8513-D126DD65F0E4}.Debug|x64.ActiveCfg = Debug|Any CPU
		{E31982EA-04A4-4AE2-8513-D126DD65F0E4}.Debug|x64.Build.0 = Debug|Any CPU
		{E31982EA-04A4-4AE2-8513-D126DD65F0E4}.Debug|x86.ActiveCfg = Debug|Any CPU
		{E31982EA-04A4-4AE2-8513-D126DD65F0E4}.Debug|x86.Build.0 = Debug|Any CPU
		{E31982EA-04A4-4AE2-8513-D126DD65F0E4}.Release|Any CPU.ActiveCfg = Release|Any CPU
		{E31982EA-04A4-4AE2-8513-D126DD65F0E4}.Release|Any CPU.Build.0 = Release|Any CPU
		{E31982EA-04A4-4AE2-8513-D126DD65F0E4}.Release|x64.ActiveCfg = Release|Any CPU
		{E31982EA-04A4-4AE2-8513-D126DD65F0E4}.Release|x64.Build.0 = Release|Any CPU
		{E31982EA-04A4-4AE2-8513-D126DD65F0E4}.Release|x86.ActiveCfg = Release|Any CPU
		{E31982EA-04A4-4AE2-8513-D126DD65F0E4}.Release|x86.Build.0 = Release|Any CPU
	EndGlobalSection
EndGlobal
